dependencies:
- name: postgresql
  repository: https://charts.bitnami.com/bitnami
  version: 15.5.38
- name: mongodb
  repository: https://charts.bitnami.com/bitnami
  version: 16.5.45
- name: ollama
  repository: file://./ollama
  version: 1.26.0
- name: ramalama
  repository: file://./ramalama
  version: 0.1.0
- name: meilisearch
  repository: file://./meilisearch
  version: 0.7.0
- name: librechat-rag-api
  repository: file://./librechat-rag-api
  version: 0.5.3
digest: sha256:c12af63a9d3fae0dbbe2edcbdebe8a7bbcb2f25f32e20ebbaac08def9b27352b
generated: "2026-08-01T13:57:37.0433994-03:00"
