dependencies:
- name: postgresql
  repository: https://charts.bitnami.com/bitnami
  version: 15.5.38
- name: mongodb
  repository: https://charts.bitnami.com/bitnami
  version: 16.3.0
- name: ollama
  repository: file://./ollama
  version: 1.26.0
- name: meilisearch
  repository: file://./meilisearch
  version: 0.7.0
- name: librechat-rag-api
  repository: file://./librechat-rag-api
  version: 0.5.1
digest: sha256:9f1be019e2bea892757b5443ad2ad9bf3393e29c1e9d2e0886553aa583999f9e
generated: "2025-08-08T20:02:51.89570276-03:00"
